<?xml version="1.0" encoding="utf-8"?>
<Project ToolsVersion="4.0" xmlns="http://schemas.microsoft.com/developer/msbuild/2003">
  <ItemGroup>
    <ClCompile Include="..\Bomberman\Bomberman.cpp" />
    <ClCompile Include="..\Bomberman\CGameEngineDebug.cpp">
      <Filter>Base</Filter>
    </ClCompile>
    <ClCompile Include="..\Bomberman\CConsoleGameLine.cpp">
      <Filter>Console</Filter>
    </ClCompile>
    <ClCompile Include="..\Bomberman\CConsoleGameScreen.cpp">
      <Filter>Console</Filter>
    </ClCompile>
    <ClCompile Include="..\Bomberman\CGamePlayer.cpp">
      <Filter>Contents</Filter>
    </ClCompile>
  </ItemGroup>
  <ItemGroup>
    <ClInclude Include="..\Bomberman\CGameEngineDebug.h">
      <Filter>Base</Filter>
    </ClInclude>
    <ClInclude Include="..\Bomberman\CConsoleGameLine.h">
      <Filter>Console</Filter>
    </ClInclude>
    <ClInclude Include="..\Bomberman\CConsoleGameScreen.h">
      <Filter>Console</Filter>
    </ClInclude>
    <ClInclude Include="..\Bomberman\ConsoleGameMath.h">
      <Filter>Console</Filter>
    </ClInclude>
    <ClInclude Include="..\Bomberman\CGamePlayer.h">
      <Filter>Contents</Filter>
    </ClInclude>
  </ItemGroup>
  <ItemGroup>
    <Filter Include="Base">
      <UniqueIdentifier>{c01f9f04-c650-4354-8721-3508a4cf63b0}</UniqueIdentifier>
    </Filter>
    <Filter Include="Console">
      <UniqueIdentifier>{6fb0c95a-fba7-4bea-b19d-0d6a155f2e9c}</UniqueIdentifier>
    </Filter>
    <Filter Include="Contents">
      <UniqueIdentifier>{98bfeab3-0409-4753-bd64-92ec772948c3}</UniqueIdentifier>
    </Filter>
  </ItemGroup>
</Project>