
Microsoft Visual Studio Solution File, Format Version 12.00
# Visual Studio Version 17
VisualStudioVersion = 17.3.32929.385
MinimumVisualStudioVersion = 10.0.40219.1
Project("{8BC9CEB8-8B4A-11D0-8D11-00A0C91BC942}") = "practice", "HomeworkHDS\HomeworkHDS.vcxproj", "{8E9A69DB-7A6C-4762-A273-D37BB915C567}"
EndProject
Project("{8BC9CEB8-8B4A-11D0-8D11-00A0C91BC942}") = "20221111Homework", "20221111Homework\20221111Homework.vcxproj", "{C0680862-A647-4379-8536-DB101213F1FE}"
EndProject
Project("{8BC9CEB8-8B4A-11D0-8D11-00A0C91BC942}") = "20221117Homework", "20221117Homework\20221117Homework.vcxproj", "{BE80D309-EE93-448E-9425-B66839A3FF93}"
EndProject
Project("{8BC9CEB8-8B4A-11D0-8D11-00A0C91BC942}") = "20221118Homework", "20221118Homework\20221118Homework.vcxproj", "{7C810939-8BC9-40E9-B428-E01120414C27}"
EndProject
Project("{8BC9CEB8-8B4A-11D0-8D11-00A0C91BC942}") = "20221123Homework", "20221123Homework\20221123Homework.vcxproj", "{FEE145D1-31BC-4402-B01F-E6DF81EF73F3}"
EndProject
Project("{8BC9CEB8-8B4A-11D0-8D11-00A0C91BC942}") = "20221124Homework", "20221124Homework\20221124Homework.vcxproj", "{BA4C8812-C359-4260-9EFF-BBF2BF12DD86}"
EndProject
Project("{8BC9CEB8-8B4A-11D0-8D11-00A0C91BC942}") = "20221125Homework", "20221125Homework\20221125Homework.vcxproj", "{81A7B51D-278C-486F-8758-AB9F81A19FD1}"
EndProject
Project("{8BC9CEB8-8B4A-11D0-8D11-00A0C91BC942}") = "20221130Homework", "20221130Homework\20221130Homework.vcxproj", "{603F1F9A-8FC5-4178-8D94-4C28CBDBE006}"
EndProject
Project("{8BC9CEB8-8B4A-11D0-8D11-00A0C91BC942}") = "20221202Homework", "20221202Homework\20221202Homework.vcxproj", "{B7E1966F-D7A4-4536-A5E7-BE8696B78516}"
EndProject
Project("{8BC9CEB8-8B4A-11D0-8D11-00A0C91BC942}") = "Bomberman", "Bomberman\Bomberman.vcxproj", "{04DA3F78-611C-4C8F-8391-F294B664E2B5}"
EndProject
Global
	GlobalSection(SolutionConfigurationPlatforms) = preSolution
		Debug|x64 = Debug|x64
		Debug|x86 = Debug|x86
		Release|x64 = Release|x64
		Release|x86 = Release|x86
	EndGlobalSection
	GlobalSection(ProjectConfigurationPlatforms) = postSolution
		{8E9A69DB-7A6C-4762-A273-D37BB915C567}.Debug|x64.ActiveCfg = Debug|x64
		{8E9A69DB-7A6C-4762-A273-D37BB915C567}.Debug|x64.Build.0 = Debug|x64
		{8E9A69DB-7A6C-4762-A273-D37BB915C567}.Debug|x86.ActiveCfg = Debug|Win32
		{8E9A69DB-7A6C-4762-A273-D37BB915C567}.Debug|x86.Build.0 = Debug|Win32
		{8E9A69DB-7A6C-4762-A273-D37BB915C567}.Release|x64.ActiveCfg = Release|x64
		{8E9A69DB-7A6C-4762-A273-D37BB915C567}.Release|x64.Build.0 = Release|x64
		{8E9A69DB-7A6C-4762-A273-D37BB915C567}.Release|x86.ActiveCfg = Release|Win32
		{8E9A69DB-7A6C-4762-A273-D37BB915C567}.Release|x86.Build.0 = Release|Win32
		{C0680862-A647-4379-8536-DB101213F1FE}.Debug|x64.ActiveCfg = Debug|x64
		{C0680862-A647-4379-8536-DB101213F1FE}.Debug|x64.Build.0 = Debug|x64
		{C0680862-A647-4379-8536-DB101213F1FE}.Debug|x86.ActiveCfg = Debug|Win32
		{C0680862-A647-4379-8536-DB101213F1FE}.Debug|x86.Build.0 = Debug|Win32
		{C0680862-A647-4379-8536-DB101213F1FE}.Release|x64.ActiveCfg = Release|x64
		{C0680862-A647-4379-8536-DB101213F1FE}.Release|x64.Build.0 = Release|x64
		{C0680862-A647-4379-8536-DB101213F1FE}.Release|x86.ActiveCfg = Release|Win32
		{C0680862-A647-4379-8536-DB101213F1FE}.Release|x86.Build.0 = Release|Win32
		{BE80D309-EE93-448E-9425-B66839A3FF93}.Debug|x64.ActiveCfg = Debug|x64
		{BE80D309-EE93-448E-9425-B66839A3FF93}.Debug|x64.Build.0 = Debug|x64
		{BE80D309-EE93-448E-9425-B66839A3FF93}.Debug|x86.ActiveCfg = Debug|Win32
		{BE80D309-EE93-448E-9425-B66839A3FF93}.Debug|x86.Build.0 = Debug|Win32
		{BE80D309-EE93-448E-9425-B66839A3FF93}.Release|x64.ActiveCfg = Release|x64
		{BE80D309-EE93-448E-9425-B66839A3FF93}.Release|x64.Build.0 = Release|x64
		{BE80D309-EE93-448E-9425-B66839A3FF93}.Release|x86.ActiveCfg = Release|Win32
		{BE80D309-EE93-448E-9425-B66839A3FF93}.Release|x86.Build.0 = Release|Win32
		{7C810939-8BC9-40E9-B428-E01120414C27}.Debug|x64.ActiveCfg = Debug|x64
		{7C810939-8BC9-40E9-B428-E01120414C27}.Debug|x64.Build.0 = Debug|x64
		{7C810939-8BC9-40E9-B428-E01120414C27}.Debug|x86.ActiveCfg = Debug|Win32
		{7C810939-8BC9-40E9-B428-E01120414C27}.Debug|x86.Build.0 = Debug|Win32
		{7C810939-8BC9-40E9-B428-E01120414C27}.Release|x64.ActiveCfg = Release|x64
		{7C810939-8BC9-40E9-B428-E01120414C27}.Release|x64.Build.0 = Release|x64
		{7C810939-8BC9-40E9-B428-E01120414C27}.Release|x86.ActiveCfg = Release|Win32
		{7C810939-8BC9-40E9-B428-E01120414C27}.Release|x86.Build.0 = Release|Win32
		{FEE145D1-31BC-4402-B01F-E6DF81EF73F3}.Debug|x64.ActiveCfg = Debug|x64
		{FEE145D1-31BC-4402-B01F-E6DF81EF73F3}.Debug|x64.Build.0 = Debug|x64
		{FEE145D1-31BC-4402-B01F-E6DF81EF73F3}.Debug|x86.ActiveCfg = Debug|Win32
		{FEE145D1-31BC-4402-B01F-E6DF81EF73F3}.Debug|x86.Build.0 = Debug|Win32
		{FEE145D1-31BC-4402-B01F-E6DF81EF73F3}.Release|x64.ActiveCfg = Release|x64
		{FEE145D1-31BC-4402-B01F-E6DF81EF73F3}.Release|x64.Build.0 = Release|x64
		{FEE145D1-31BC-4402-B01F-E6DF81EF73F3}.Release|x86.ActiveCfg = Release|Win32
		{FEE145D1-31BC-4402-B01F-E6DF81EF73F3}.Release|x86.Build.0 = Release|Win32
		{BA4C8812-C359-4260-9EFF-BBF2BF12DD86}.Debug|x64.ActiveCfg = Debug|x64
		{BA4C8812-C359-4260-9EFF-BBF2BF12DD86}.Debug|x64.Build.0 = Debug|x64
		{BA4C8812-C359-4260-9EFF-BBF2BF12DD86}.Debug|x86.ActiveCfg = Debug|Win32
		{BA4C8812-C359-4260-9EFF-BBF2BF12DD86}.Debug|x86.Build.0 = Debug|Win32
		{BA4C8812-C359-4260-9EFF-BBF2BF12DD86}.Release|x64.ActiveCfg = Release|x64
		{BA4C8812-C359-4260-9EFF-BBF2BF12DD86}.Release|x64.Build.0 = Release|x64
		{BA4C8812-C359-4260-9EFF-BBF2BF12DD86}.Release|x86.ActiveCfg = Release|Win32
		{BA4C8812-C359-4260-9EFF-BBF2BF12DD86}.Release|x86.Build.0 = Release|Win32
		{81A7B51D-278C-486F-8758-AB9F81A19FD1}.Debug|x64.ActiveCfg = Debug|x64
		{81A7B51D-278C-486F-8758-AB9F81A19FD1}.Debug|x64.Build.0 = Debug|x64
		{81A7B51D-278C-486F-8758-AB9F81A19FD1}.Debug|x86.ActiveCfg = Debug|Win32
		{81A7B51D-278C-486F-8758-AB9F81A19FD1}.Debug|x86.Build.0 = Debug|Win32
		{81A7B51D-278C-486F-8758-AB9F81A19FD1}.Release|x64.ActiveCfg = Release|x64
		{81A7B51D-278C-486F-8758-AB9F81A19FD1}.Release|x64.Build.0 = Release|x64
		{81A7B51D-278C-486F-8758-AB9F81A19FD1}.Release|x86.ActiveCfg = Release|Win32
		{81A7B51D-278C-486F-8758-AB9F81A19FD1}.Release|x86.Build.0 = Release|Win32
		{603F1F9A-8FC5-4178-8D94-4C28CBDBE006}.Debug|x64.ActiveCfg = Debug|x64
		{603F1F9A-8FC5-4178-8D94-4C28CBDBE006}.Debug|x64.Build.0 = Debug|x64
		{603F1F9A-8FC5-4178-8D94-4C28CBDBE006}.Debug|x86.ActiveCfg = Debug|Win32
		{603F1F9A-8FC5-4178-8D94-4C28CBDBE006}.Debug|x86.Build.0 = Debug|Win32
		{603F1F9A-8FC5-4178-8D94-4C28CBDBE006}.Release|x64.ActiveCfg = Release|x64
		{603F1F9A-8FC5-4178-8D94-4C28CBDBE006}.Release|x64.Build.0 = Release|x64
		{603F1F9A-8FC5-4178-8D94-4C28CBDBE006}.Release|x86.ActiveCfg = Release|Win32
		{603F1F9A-8FC5-4178-8D94-4C28CBDBE006}.Release|x86.Build.0 = Release|Win32
		{B7E1966F-D7A4-4536-A5E7-BE8696B78516}.Debug|x64.ActiveCfg = Debug|x64
		{B7E1966F-D7A4-4536-A5E7-BE8696B78516}.Debug|x64.Build.0 = Debug|x64
		{B7E1966F-D7A4-4536-A5E7-BE8696B78516}.Debug|x86.ActiveCfg = Debug|Win32
		{B7E1966F-D7A4-4536-A5E7-BE8696B78516}.Debug|x86.Build.0 = Debug|Win32
		{B7E1966F-D7A4-4536-A5E7-BE8696B78516}.Release|x64.ActiveCfg = Release|x64
		{B7E1966F-D7A4-4536-A5E7-BE8696B78516}.Release|x64.Build.0 = Release|x64
		{B7E1966F-D7A4-4536-A5E7-BE8696B78516}.Release|x86.ActiveCfg = Release|Win32
		{B7E1966F-D7A4-4536-A5E7-BE8696B78516}.Release|x86.Build.0 = Release|Win32
		{04DA3F78-611C-4C8F-8391-F294B664E2B5}.Debug|x64.ActiveCfg = Debug|x64
		{04DA3F78-611C-4C8F-8391-F294B664E2B5}.Debug|x64.Build.0 = Debug|x64
		{04DA3F78-611C-4C8F-8391-F294B664E2B5}.Debug|x86.ActiveCfg = Debug|Win32
		{04DA3F78-611C-4C8F-8391-F294B664E2B5}.Debug|x86.Build.0 = Debug|Win32
		{04DA3F78-611C-4C8F-8391-F294B664E2B5}.Release|x64.ActiveCfg = Release|x64
		{04DA3F78-611C-4C8F-8391-F294B664E2B5}.Release|x64.Build.0 = Release|x64
		{04DA3F78-611C-4C8F-8391-F294B664E2B5}.Release|x86.ActiveCfg = Release|Win32
		{04DA3F78-611C-4C8F-8391-F294B664E2B5}.Release|x86.Build.0 = Release|Win32
	EndGlobalSection
	GlobalSection(SolutionProperties) = preSolution
		HideSolutionNode = FALSE
	EndGlobalSection
	GlobalSection(ExtensibilityGlobals) = postSolution
		SolutionGuid = {C461146F-D42B-4BD9-8105-69AF46B75C51}
	EndGlobalSection
EndGlobal
