
Microsoft Visual Studio Solution File, Format Version 12.00
# Visual Studio Version 17
VisualStudioVersion = 17.3.32929.385
MinimumVisualStudioVersion = 10.0.40219.1
Project("{8BC9CEB8-8B4A-11D0-8D11-00A0C91BC942}") = "practice", "HomeworkHDS\HomeworkHDS.vcxproj", "{8E9A69DB-7A6C-4762-A273-D37BB915C567}"
EndProject
Project("{8BC9CEB8-8B4A-11D0-8D11-00A0C91BC942}") = "20221111Homework", "20221111Homework\20221111Homework.vcxproj", "{C0680862-A647-4379-8536-DB101213F1FE}"
EndProject
Project("{8BC9CEB8-8B4A-11D0-8D11-00A0C91BC942}") = "20221117Homework", "20221117Homework\20221117Homework.vcxproj", "{BE80D309-EE93-448E-9425-B66839A3FF93}"
EndProject
Project("{8BC9CEB8-8B4A-11D0-8D11-00A0C91BC942}") = "20221118Homework", "20221118Homework\20221118Homework.vcxproj", "{7C810939-8BC9-40E9-B428-E01120414C27}"
EndProject
Project("{8BC9CEB8-8B4A-11D0-8D11-00A0C91BC942}") = "20221123Homework", "20221123Homework\20221123Homework.vcxproj", "{FEE145D1-31BC-4402-B01F-E6DF81EF73F3}"
EndProject
Project("{8BC9CEB8-8B4A-11D0-8D11-00A0C91BC942}") = "20221124Homework", "20221124Homework\20221124Homework.vcxproj", "{BA4C8812-C359-4260-9EFF-BBF2BF12DD86}"
EndProject
Project("{8BC9CEB8-8B4A-11D0-8D11-00A0C91BC942}") = "20221125Homework", "20221125Homework\20221125Homework.vcxproj", "{81A7B51D-278C-486F-8758-AB9F81A19FD1}"
EndProject
Project("{8BC9CEB8-8B4A-11D0-8D11-00A0C91BC942}") = "20221130Homework", "20221130Homework\20221130Homework.vcxproj", "{603F1F9A-8FC5-4178-8D94-4C28CBDBE006}"
EndProject
Project("{8BC9CEB8-8B4A-11D0-8D11-00A0C91BC942}") = "20221202Homework", "20221202Homework\20221202Homework.vcxproj", "{B7E1966F-D7A4-4536-A5E7-BE8696B78516}"
EndProject
Project("{8BC9CEB8-8B4A-11D0-8D11-00A0C91BC942}") = "Bomberman1", "Bomberman1\Bomberman1.vcxproj", "{02772F3E-80FB-4C14-8DC4-0D2412EE8AAF}"
EndProject
Project("{8BC9CEB8-8B4A-11D0-8D11-00A0C91BC942}") = "HomeworkBomberman", "HomeworkBomberman\HomeworkBomberman.vcxproj", "{2D9373E2-DA16-4E27-8C84-0624FF906608}"
EndProject
Project("{8BC9CEB8-8B4A-11D0-8D11-00A0C91BC942}") = "20221214Homwork.Array", "20221214Homwork.Array\20221214Homwork.Array.vcxproj", "{82F35A5C-C89E-498C-8EAF-7A177C5AD39E}"
EndProject
Project("{8BC9CEB8-8B4A-11D0-8D11-00A0C91BC942}") = "20221220Homework", "20221220Homework\20221220Homework.vcxproj", "{33016286-3C15-4BAA-96F0-6B048F5B5DAF}"
EndProject
Project("{2150E333-8FDC-42A3-9474-1A3956D46DE8}") = "GameEngine", "GameEngine", "{68F25FA8-9383-4F37-B52D-36E0AE3FCBF7}"
EndProject
Project("{8BC9CEB8-8B4A-11D0-8D11-00A0C91BC942}") = "GameEngineBase", "GameEngineBase\GameEngineBase.vcxproj", "{9C7D106E-C02C-47E9-BECF-790A198309CA}"
EndProject
Project("{8BC9CEB8-8B4A-11D0-8D11-00A0C91BC942}") = "SnakeGame", "SnakeGame\SnakeGame.vcxproj", "{08B1EFB4-C5C2-4548-A518-5C2C765B827C}"
EndProject
Project("{8BC9CEB8-8B4A-11D0-8D11-00A0C91BC942}") = "20221226Homework_List", "20221226Homework_List\20221226Homework_List.vcxproj", "{FB7CD05E-0E9A-474C-86E4-D026ECA09839}"
EndProject
Project("{8BC9CEB8-8B4A-11D0-8D11-00A0C91BC942}") = "20221227Homework_map", "20221227Homework_map\20221227Homework_map.vcxproj", "{537EF9AC-D47A-422B-81DD-B03AB551738E}"
EndProject
Project("{8BC9CEB8-8B4A-11D0-8D11-00A0C91BC942}") = "20221228Homework_map_erase", "20221228Homework_map_erase\20221228Homework_map_erase.vcxproj", "{1EFDBC9E-132C-45D5-BD82-C36FDDF0D513}"
EndProject
Project("{8BC9CEB8-8B4A-11D0-8D11-00A0C91BC942}") = "20230106Homework", "20230106Homework\20230106Homework.vcxproj", "{AD874947-B9A9-4B88-988F-87DA395CBC1E}"
EndProject
Global
	GlobalSection(SolutionConfigurationPlatforms) = preSolution
		Debug|x64 = Debug|x64
		Debug|x86 = Debug|x86
		Release|x64 = Release|x64
		Release|x86 = Release|x86
	EndGlobalSection
	GlobalSection(ProjectConfigurationPlatforms) = postSolution
		{8E9A69DB-7A6C-4762-A273-D37BB915C567}.Debug|x64.ActiveCfg = Debug|x64
		{8E9A69DB-7A6C-4762-A273-D37BB915C567}.Debug|x64.Build.0 = Debug|x64
		{8E9A69DB-7A6C-4762-A273-D37BB915C567}.Debug|x86.ActiveCfg = Debug|Win32
		{8E9A69DB-7A6C-4762-A273-D37BB915C567}.Debug|x86.Build.0 = Debug|Win32
		{8E9A69DB-7A6C-4762-A273-D37BB915C567}.Release|x64.ActiveCfg = Release|x64
		{8E9A69DB-7A6C-4762-A273-D37BB915C567}.Release|x64.Build.0 = Release|x64
		{8E9A69DB-7A6C-4762-A273-D37BB915C567}.Release|x86.ActiveCfg = Release|Win32
		{8E9A69DB-7A6C-4762-A273-D37BB915C567}.Release|x86.Build.0 = Release|Win32
		{C0680862-A647-4379-8536-DB101213F1FE}.Debug|x64.ActiveCfg = Debug|x64
		{C0680862-A647-4379-8536-DB101213F1FE}.Debug|x64.Build.0 = Debug|x64
		{C0680862-A647-4379-8536-DB101213F1FE}.Debug|x86.ActiveCfg = Debug|Win32
		{C0680862-A647-4379-8536-DB101213F1FE}.Debug|x86.Build.0 = Debug|Win32
		{C0680862-A647-4379-8536-DB101213F1FE}.Release|x64.ActiveCfg = Release|x64
		{C0680862-A647-4379-8536-DB101213F1FE}.Release|x64.Build.0 = Release|x64
		{C0680862-A647-4379-8536-DB101213F1FE}.Release|x86.ActiveCfg = Release|Win32
		{C0680862-A647-4379-8536-DB101213F1FE}.Release|x86.Build.0 = Release|Win32
		{BE80D309-EE93-448E-9425-B66839A3FF93}.Debug|x64.ActiveCfg = Debug|x64
		{BE80D309-EE93-448E-9425-B66839A3FF93}.Debug|x64.Build.0 = Debug|x64
		{BE80D309-EE93-448E-9425-B66839A3FF93}.Debug|x86.ActiveCfg = Debug|Win32
		{BE80D309-EE93-448E-9425-B66839A3FF93}.Debug|x86.Build.0 = Debug|Win32
		{BE80D309-EE93-448E-9425-B66839A3FF93}.Release|x64.ActiveCfg = Release|x64
		{BE80D309-EE93-448E-9425-B66839A3FF93}.Release|x64.Build.0 = Release|x64
		{BE80D309-EE93-448E-9425-B66839A3FF93}.Release|x86.ActiveCfg = Release|Win32
		{BE80D309-EE93-448E-9425-B66839A3FF93}.Release|x86.Build.0 = Release|Win32
		{7C810939-8BC9-40E9-B428-E01120414C27}.Debug|x64.ActiveCfg = Debug|x64
		{7C810939-8BC9-40E9-B428-E01120414C27}.Debug|x64.Build.0 = Debug|x64
		{7C810939-8BC9-40E9-B428-E01120414C27}.Debug|x86.ActiveCfg = Debug|Win32
		{7C810939-8BC9-40E9-B428-E01120414C27}.Debug|x86.Build.0 = Debug|Win32
		{7C810939-8BC9-40E9-B428-E01120414C27}.Release|x64.ActiveCfg = Release|x64
		{7C810939-8BC9-40E9-B428-E01120414C27}.Release|x64.Build.0 = Release|x64
		{7C810939-8BC9-40E9-B428-E01120414C27}.Release|x86.ActiveCfg = Release|Win32
		{7C810939-8BC9-40E9-B428-E01120414C27}.Release|x86.Build.0 = Release|Win32
		{FEE145D1-31BC-4402-B01F-E6DF81EF73F3}.Debug|x64.ActiveCfg = Debug|x64
		{FEE145D1-31BC-4402-B01F-E6DF81EF73F3}.Debug|x64.Build.0 = Debug|x64
		{FEE145D1-31BC-4402-B01F-E6DF81EF73F3}.Debug|x86.ActiveCfg = Debug|Win32
		{FEE145D1-31BC-4402-B01F-E6DF81EF73F3}.Debug|x86.Build.0 = Debug|Win32
		{FEE145D1-31BC-4402-B01F-E6DF81EF73F3}.Release|x64.ActiveCfg = Release|x64
		{FEE145D1-31BC-4402-B01F-E6DF81EF73F3}.Release|x64.Build.0 = Release|x64
		{FEE145D1-31BC-4402-B01F-E6DF81EF73F3}.Release|x86.ActiveCfg = Release|Win32
		{FEE145D1-31BC-4402-B01F-E6DF81EF73F3}.Release|x86.Build.0 = Release|Win32
		{BA4C8812-C359-4260-9EFF-BBF2BF12DD86}.Debug|x64.ActiveCfg = Debug|x64
		{BA4C8812-C359-4260-9EFF-BBF2BF12DD86}.Debug|x64.Build.0 = Debug|x64
		{BA4C8812-C359-4260-9EFF-BBF2BF12DD86}.Debug|x86.ActiveCfg = Debug|Win32
		{BA4C8812-C359-4260-9EFF-BBF2BF12DD86}.Debug|x86.Build.0 = Debug|Win32
		{BA4C8812-C359-4260-9EFF-BBF2BF12DD86}.Release|x64.ActiveCfg = Release|x64
		{BA4C8812-C359-4260-9EFF-BBF2BF12DD86}.Release|x64.Build.0 = Release|x64
		{BA4C8812-C359-4260-9EFF-BBF2BF12DD86}.Release|x86.ActiveCfg = Release|Win32
		{BA4C8812-C359-4260-9EFF-BBF2BF12DD86}.Release|x86.Build.0 = Release|Win32
		{81A7B51D-278C-486F-8758-AB9F81A19FD1}.Debug|x64.ActiveCfg = Debug|x64
		{81A7B51D-278C-486F-8758-AB9F81A19FD1}.Debug|x64.Build.0 = Debug|x64
		{81A7B51D-278C-486F-8758-AB9F81A19FD1}.Debug|x86.ActiveCfg = Debug|Win32
		{81A7B51D-278C-486F-8758-AB9F81A19FD1}.Debug|x86.Build.0 = Debug|Win32
		{81A7B51D-278C-486F-8758-AB9F81A19FD1}.Release|x64.ActiveCfg = Release|x64
		{81A7B51D-278C-486F-8758-AB9F81A19FD1}.Release|x64.Build.0 = Release|x64
		{81A7B51D-278C-486F-8758-AB9F81A19FD1}.Release|x86.ActiveCfg = Release|Win32
		{81A7B51D-278C-486F-8758-AB9F81A19FD1}.Release|x86.Build.0 = Release|Win32
		{603F1F9A-8FC5-4178-8D94-4C28CBDBE006}.Debug|x64.ActiveCfg = Debug|x64
		{603F1F9A-8FC5-4178-8D94-4C28CBDBE006}.Debug|x64.Build.0 = Debug|x64
		{603F1F9A-8FC5-4178-8D94-4C28CBDBE006}.Debug|x86.ActiveCfg = Debug|Win32
		{603F1F9A-8FC5-4178-8D94-4C28CBDBE006}.Debug|x86.Build.0 = Debug|Win32
		{603F1F9A-8FC5-4178-8D94-4C28CBDBE006}.Release|x64.ActiveCfg = Release|x64
		{603F1F9A-8FC5-4178-8D94-4C28CBDBE006}.Release|x64.Build.0 = Release|x64
		{603F1F9A-8FC5-4178-8D94-4C28CBDBE006}.Release|x86.ActiveCfg = Release|Win32
		{603F1F9A-8FC5-4178-8D94-4C28CBDBE006}.Release|x86.Build.0 = Release|Win32
		{B7E1966F-D7A4-4536-A5E7-BE8696B78516}.Debug|x64.ActiveCfg = Debug|x64
		{B7E1966F-D7A4-4536-A5E7-BE8696B78516}.Debug|x64.Build.0 = Debug|x64
		{B7E1966F-D7A4-4536-A5E7-BE8696B78516}.Debug|x86.ActiveCfg = Debug|Win32
		{B7E1966F-D7A4-4536-A5E7-BE8696B78516}.Debug|x86.Build.0 = Debug|Win32
		{B7E1966F-D7A4-4536-A5E7-BE8696B78516}.Release|x64.ActiveCfg = Release|x64
		{B7E1966F-D7A4-4536-A5E7-BE8696B78516}.Release|x64.Build.0 = Release|x64
		{B7E1966F-D7A4-4536-A5E7-BE8696B78516}.Release|x86.ActiveCfg = Release|Win32
		{B7E1966F-D7A4-4536-A5E7-BE8696B78516}.Release|x86.Build.0 = Release|Win32
		{02772F3E-80FB-4C14-8DC4-0D2412EE8AAF}.Debug|x64.ActiveCfg = Debug|x64
		{02772F3E-80FB-4C14-8DC4-0D2412EE8AAF}.Debug|x64.Build.0 = Debug|x64
		{02772F3E-80FB-4C14-8DC4-0D2412EE8AAF}.Debug|x86.ActiveCfg = Debug|Win32
		{02772F3E-80FB-4C14-8DC4-0D2412EE8AAF}.Debug|x86.Build.0 = Debug|Win32
		{02772F3E-80FB-4C14-8DC4-0D2412EE8AAF}.Release|x64.ActiveCfg = Release|x64
		{02772F3E-80FB-4C14-8DC4-0D2412EE8AAF}.Release|x64.Build.0 = Release|x64
		{02772F3E-80FB-4C14-8DC4-0D2412EE8AAF}.Release|x86.ActiveCfg = Release|Win32
		{02772F3E-80FB-4C14-8DC4-0D2412EE8AAF}.Release|x86.Build.0 = Release|Win32
		{2D9373E2-DA16-4E27-8C84-0624FF906608}.Debug|x64.ActiveCfg = Debug|x64
		{2D9373E2-DA16-4E27-8C84-0624FF906608}.Debug|x64.Build.0 = Debug|x64
		{2D9373E2-DA16-4E27-8C84-0624FF906608}.Debug|x86.ActiveCfg = Debug|Win32
		{2D9373E2-DA16-4E27-8C84-0624FF906608}.Debug|x86.Build.0 = Debug|Win32
		{2D9373E2-DA16-4E27-8C84-0624FF906608}.Release|x64.ActiveCfg = Release|x64
		{2D9373E2-DA16-4E27-8C84-0624FF906608}.Release|x64.Build.0 = Release|x64
		{2D9373E2-DA16-4E27-8C84-0624FF906608}.Release|x86.ActiveCfg = Release|Win32
		{2D9373E2-DA16-4E27-8C84-0624FF906608}.Release|x86.Build.0 = Release|Win32
		{82F35A5C-C89E-498C-8EAF-7A177C5AD39E}.Debug|x64.ActiveCfg = Debug|x64
		{82F35A5C-C89E-498C-8EAF-7A177C5AD39E}.Debug|x64.Build.0 = Debug|x64
		{82F35A5C-C89E-498C-8EAF-7A177C5AD39E}.Debug|x86.ActiveCfg = Debug|Win32
		{82F35A5C-C89E-498C-8EAF-7A177C5AD39E}.Debug|x86.Build.0 = Debug|Win32
		{82F35A5C-C89E-498C-8EAF-7A177C5AD39E}.Release|x64.ActiveCfg = Release|x64
		{82F35A5C-C89E-498C-8EAF-7A177C5AD39E}.Release|x64.Build.0 = Release|x64
		{82F35A5C-C89E-498C-8EAF-7A177C5AD39E}.Release|x86.ActiveCfg = Release|Win32
		{82F35A5C-C89E-498C-8EAF-7A177C5AD39E}.Release|x86.Build.0 = Release|Win32
		{33016286-3C15-4BAA-96F0-6B048F5B5DAF}.Debug|x64.ActiveCfg = Debug|x64
		{33016286-3C15-4BAA-96F0-6B048F5B5DAF}.Debug|x64.Build.0 = Debug|x64
		{33016286-3C15-4BAA-96F0-6B048F5B5DAF}.Debug|x86.ActiveCfg = Debug|Win32
		{33016286-3C15-4BAA-96F0-6B048F5B5DAF}.Debug|x86.Build.0 = Debug|Win32
		{33016286-3C15-4BAA-96F0-6B048F5B5DAF}.Release|x64.ActiveCfg = Release|x64
		{33016286-3C15-4BAA-96F0-6B048F5B5DAF}.Release|x64.Build.0 = Release|x64
		{33016286-3C15-4BAA-96F0-6B048F5B5DAF}.Release|x86.ActiveCfg = Release|Win32
		{33016286-3C15-4BAA-96F0-6B048F5B5DAF}.Release|x86.Build.0 = Release|Win32
		{9C7D106E-C02C-47E9-BECF-790A198309CA}.Debug|x64.ActiveCfg = Debug|x64
		{9C7D106E-C02C-47E9-BECF-790A198309CA}.Debug|x64.Build.0 = Debug|x64
		{9C7D106E-C02C-47E9-BECF-790A198309CA}.Debug|x86.ActiveCfg = Debug|Win32
		{9C7D106E-C02C-47E9-BECF-790A198309CA}.Debug|x86.Build.0 = Debug|Win32
		{9C7D106E-C02C-47E9-BECF-790A198309CA}.Release|x64.ActiveCfg = Release|x64
		{9C7D106E-C02C-47E9-BECF-790A198309CA}.Release|x64.Build.0 = Release|x64
		{9C7D106E-C02C-47E9-BECF-790A198309CA}.Release|x86.ActiveCfg = Release|Win32
		{9C7D106E-C02C-47E9-BECF-790A198309CA}.Release|x86.Build.0 = Release|Win32
		{08B1EFB4-C5C2-4548-A518-5C2C765B827C}.Debug|x64.ActiveCfg = Debug|x64
		{08B1EFB4-C5C2-4548-A518-5C2C765B827C}.Debug|x64.Build.0 = Debug|x64
		{08B1EFB4-C5C2-4548-A518-5C2C765B827C}.Debug|x86.ActiveCfg = Debug|Win32
		{08B1EFB4-C5C2-4548-A518-5C2C765B827C}.Debug|x86.Build.0 = Debug|Win32
		{08B1EFB4-C5C2-4548-A518-5C2C765B827C}.Release|x64.ActiveCfg = Release|x64
		{08B1EFB4-C5C2-4548-A518-5C2C765B827C}.Release|x64.Build.0 = Release|x64
		{08B1EFB4-C5C2-4548-A518-5C2C765B827C}.Release|x86.ActiveCfg = Release|Win32
		{08B1EFB4-C5C2-4548-A518-5C2C765B827C}.Release|x86.Build.0 = Release|Win32
		{FB7CD05E-0E9A-474C-86E4-D026ECA09839}.Debug|x64.ActiveCfg = Debug|x64
		{FB7CD05E-0E9A-474C-86E4-D026ECA09839}.Debug|x64.Build.0 = Debug|x64
		{FB7CD05E-0E9A-474C-86E4-D026ECA09839}.Debug|x86.ActiveCfg = Debug|Win32
		{FB7CD05E-0E9A-474C-86E4-D026ECA09839}.Debug|x86.Build.0 = Debug|Win32
		{FB7CD05E-0E9A-474C-86E4-D026ECA09839}.Release|x64.ActiveCfg = Release|x64
		{FB7CD05E-0E9A-474C-86E4-D026ECA09839}.Release|x64.Build.0 = Release|x64
		{FB7CD05E-0E9A-474C-86E4-D026ECA09839}.Release|x86.ActiveCfg = Release|Win32
		{FB7CD05E-0E9A-474C-86E4-D026ECA09839}.Release|x86.Build.0 = Release|Win32
		{537EF9AC-D47A-422B-81DD-B03AB551738E}.Debug|x64.ActiveCfg = Debug|x64
		{537EF9AC-D47A-422B-81DD-B03AB551738E}.Debug|x64.Build.0 = Debug|x64
		{537EF9AC-D47A-422B-81DD-B03AB551738E}.Debug|x86.ActiveCfg = Debug|Win32
		{537EF9AC-D47A-422B-81DD-B03AB551738E}.Debug|x86.Build.0 = Debug|Win32
		{537EF9AC-D47A-422B-81DD-B03AB551738E}.Release|x64.ActiveCfg = Release|x64
		{537EF9AC-D47A-422B-81DD-B03AB551738E}.Release|x64.Build.0 = Release|x64
		{537EF9AC-D47A-422B-81DD-B03AB551738E}.Release|x86.ActiveCfg = Release|Win32
		{537EF9AC-D47A-422B-81DD-B03AB551738E}.Release|x86.Build.0 = Release|Win32
		{1EFDBC9E-132C-45D5-BD82-C36FDDF0D513}.Debug|x64.ActiveCfg = Debug|x64
		{1EFDBC9E-132C-45D5-BD82-C36FDDF0D513}.Debug|x64.Build.0 = Debug|x64
		{1EFDBC9E-132C-45D5-BD82-C36FDDF0D513}.Debug|x86.ActiveCfg = Debug|Win32
		{1EFDBC9E-132C-45D5-BD82-C36FDDF0D513}.Debug|x86.Build.0 = Debug|Win32
		{1EFDBC9E-132C-45D5-BD82-C36FDDF0D513}.Release|x64.ActiveCfg = Release|x64
		{1EFDBC9E-132C-45D5-BD82-C36FDDF0D513}.Release|x64.Build.0 = Release|x64
		{1EFDBC9E-132C-45D5-BD82-C36FDDF0D513}.Release|x86.ActiveCfg = Release|Win32
		{1EFDBC9E-132C-45D5-BD82-C36FDDF0D513}.Release|x86.Build.0 = Release|Win32
		{AD874947-B9A9-4B88-988F-87DA395CBC1E}.Debug|x64.ActiveCfg = Debug|x64
		{AD874947-B9A9-4B88-988F-87DA395CBC1E}.Debug|x64.Build.0 = Debug|x64
		{AD874947-B9A9-4B88-988F-87DA395CBC1E}.Debug|x86.ActiveCfg = Debug|Win32
		{AD874947-B9A9-4B88-988F-87DA395CBC1E}.Debug|x86.Build.0 = Debug|Win32
		{AD874947-B9A9-4B88-988F-87DA395CBC1E}.Release|x64.ActiveCfg = Release|x64
		{AD874947-B9A9-4B88-988F-87DA395CBC1E}.Release|x64.Build.0 = Release|x64
		{AD874947-B9A9-4B88-988F-87DA395CBC1E}.Release|x86.ActiveCfg = Release|Win32
		{AD874947-B9A9-4B88-988F-87DA395CBC1E}.Release|x86.Build.0 = Release|Win32
	EndGlobalSection
	GlobalSection(SolutionProperties) = preSolution
		HideSolutionNode = FALSE
	EndGlobalSection
	GlobalSection(NestedProjects) = preSolution
		{9C7D106E-C02C-47E9-BECF-790A198309CA} = {68F25FA8-9383-4F37-B52D-36E0AE3FCBF7}
	EndGlobalSection
	GlobalSection(ExtensibilityGlobals) = postSolution
		SolutionGuid = {C461146F-D42B-4BD9-8105-69AF46B75C51}
	EndGlobalSection
EndGlobal
