<?xml version="1.0" encoding="utf-8"?>
<Project ToolsVersion="4.0" xmlns="http://schemas.microsoft.com/developer/msbuild/2003">
  <ItemGroup>
    <ClCompile Include="Bomberman1.cpp" />
    <ClCompile Include="CGameEngineDebug.cpp">
      <Filter>Base</Filter>
    </ClCompile>
    <ClCompile Include="CConsoleGameLine.cpp">
      <Filter>Console</Filter>
    </ClCompile>
    <ClCompile Include="CConsoleGameScreen.cpp">
      <Filter>Console</Filter>
    </ClCompile>
    <ClCompile Include="CGamePlayer.cpp">
      <Filter>Contents</Filter>
    </ClCompile>
    <ClCompile Include="CBomb.cpp">
      <Filter>Contents</Filter>
    </ClCompile>
  </ItemGroup>
  <ItemGroup>
    <Filter Include="Base">
      <UniqueIdentifier>{7776312f-5680-48cf-ba79-d3e83ab21a3e}</UniqueIdentifier>
    </Filter>
    <Filter Include="Console">
      <UniqueIdentifier>{afb7e06b-f359-4120-aeb0-9b95f9195e90}</UniqueIdentifier>
    </Filter>
    <Filter Include="Contents">
      <UniqueIdentifier>{6da2ccd3-10d8-43ab-b9f7-bf550c082ef4}</UniqueIdentifier>
    </Filter>
  </ItemGroup>
  <ItemGroup>
    <ClInclude Include="CGameEngineDebug.h">
      <Filter>Base</Filter>
    </ClInclude>
    <ClInclude Include="CConsoleGameLine.h">
      <Filter>Console</Filter>
    </ClInclude>
    <ClInclude Include="CConsoleGameScreen.h">
      <Filter>Console</Filter>
    </ClInclude>
    <ClInclude Include="CConsoleGameMath.h">
      <Filter>Console</Filter>
    </ClInclude>
    <ClInclude Include="CGamePlayer.h">
      <Filter>Contents</Filter>
    </ClInclude>
    <ClInclude Include="CBomb.h">
      <Filter>Contents</Filter>
    </ClInclude>
  </ItemGroup>
</Project>