<?xml version="1.0" encoding="utf-8"?>
<Project ToolsVersion="4.0" xmlns="http://schemas.microsoft.com/developer/msbuild/2003">
  <ItemGroup>
    <ClCompile Include="CBullet.cpp" />
    <ClCompile Include="CEngine.cpp" />
    <ClCompile Include="CMonster.cpp" />
    <ClCompile Include="CPlayer.cpp" />
    <ClCompile Include="main.cpp" />
  </ItemGroup>
  <ItemGroup>
    <ClInclude Include="CBullet.h" />
    <ClInclude Include="CEngine.h" />
    <ClInclude Include="CMonster.h" />
    <ClInclude Include="ContentsMath.h" />
    <ClInclude Include="CPlayer.h" />
  </ItemGroup>
</Project>